PODS:
  - MagicalRecord (2.3.2):
    - MagicalRecord/Core (= 2.3.2)
  - MagicalRecord/Core (2.3.2)
  - PlacesAndRouting (1.0.1):
    - YYModel (~> 1.0.1)
  - SCLAlertView-Objective-C (1.0.2)
  - YYModel (1.0.3)

DEPENDENCIES:
  - MagicalRecord (~> 2.3.2)
  - PlacesAndRouting (from `./PlacesAndRouting`)
  - SCLAlertView-Objective-C (~> 1.0.2)

EXTERNAL SOURCES:
  PlacesAndRouting:
    :path: "./PlacesAndRouting"

SPEC CHECKSUMS:
  MagicalRecord: 53bed74b4323b930992a725be713e53b37d19755
  PlacesAndRouting: 3da70ddd7ab7329e64b407681e91a8d073a2a95c
  SCLAlertView-Objective-C: 25f7ea3a3526dde177d8b8056a0b88fe4187651e
  YYModel: 63142c2f07c5c8c9d1c261689cf3827ea6ab2886

COCOAPODS: 0.39.0
